{
  "version": "v1",
  "packages": {
    "@trazit/common-core": {
      "version": "1.0.0",
      "signature": "938b910bcecca93396fddf02063de815",
      "file": true
    },
    "@trazit/build-label": {
      "version": "1.0.0",
      "signature": "55120089a17c89fe9e413a8f8f40bd85",
      "file": true
    },
    "@trazit/build-numerics": {
      "version": "1.0.0",
      "signature": "a93ecbb87ab6f87ccbb689ff65332578",
      "file": true
    },
    "@trazit/tr-styling": {
      "version": "1.1.0",
      "signature": "8929c0c298a0d583f40b19b62b8764a0",
      "file": true
    },
    "@trazit/cred-dialog": {
      "version": "1.1.1",
      "signature": "9efc29b2cfa3af5a2748ed3d9539f1c2",
      "file": true
    },
    "@trazit/relogin-dialog": {
      "version": "1.0.0",
      "signature": "5c8ab48b7bce63289548385179c283aa",
      "file": true
    },
    "@trazit/apis-forplatform": {
      "version": "1.0.0",
      "signature": "2fd211b8aee3374bcdbf8f0676fd4d06",
      "file": true
    },
    "@trazit/platform-notif": {
      "version": "1.2.0",
      "signature": "7d5fce4dc0fc061d323b69afc3246026",
      "file": true
    },
    "@trazit/endpoints-list": {
      "version": "1.1.0",
      "signature": "db948ba9018793f1bb49401496fa9815",
      "file": true
    },
    "@trazit/my-incidents": {
      "version": "1.1.0",
      "signature": "e3ccb99c412d4c6bb1b02956546a15d6",
      "file": true
    },
    "@trazit/user-certifications": {
      "version": "1.0.0",
      "signature": "5c6ffa7eebafaf3ead074f3b0fced9c1",
      "file": true
    },
    "@trazit/user-settings": {
      "version": "0.0.4",
      "signature": "2517d819866d2c86c868f5a4666bdfae",
      "file": true
    },
    "@trazit/actions": {
      "version": "1.1.0",
      "signature": "1a45f34a76dbda52c896cf551b433382",
      "file": true
    },
    "@trazit/platform-login": {
      "version": "2.3.4",
      "signature": "cc3423de0d2ab2ee791ddf4a724c4010",
      "file": true
    },
    "@trazit/video-tutorial": {
      "version": "1.0.0",
      "signature": "3e2cd99516b163803b1af9446895a8e7",
      "file": true
    },
    "@trazit/holiday-calendars": {
      "version": "1.0.0",
      "signature": "1b6475d929f74bda4d78205eda2e26c4",
      "file": true
    },
    "@trazit/procedures-controller": {
      "version": "0.1.0",
      "signature": "9cfb30b7866c1ac6bb9cd339fc278be1",
      "file": true
    },
    "@trazit/tr-dialog": {
      "version": "1.2.0",
      "signature": "677e9d69eeeba2c0a21a2f06ea41d598",
      "file": true
    }
  }
}