{
  "version": "v1",
  "packages": {
    "@trazit/platform-login": {
      "version": "2.3.0",
      "signature": "51c45a28f458204233ea7b34fc15462f",
      "file": true
    },
    "@trazit/common-core": {
      "version": "1.0.0",
      "signature": "938b910bcecca93396fddf02063de815",
      "file": true
    },
    "@trazit/utils-actions-functions": {
      "version": "1.0.0",
      "signature": "c8bebac5cd2365f3a5fb63d59a7bf78b",
      "file": true
    },
    "@trazit/tr-dialog": {
      "version": "1.1.0",
      "signature": "c512939cbf9d202f9ab3d7be3d000a7e",
      "file": true
    }
  }
}