{
  "version": "v1",
  "packages": {
    "@trazit/common-core": {
      "version": "1.0.0",
      "signature": "938b910bcecca93396fddf02063de815",
      "file": true
    },
    "@trazit/platform-login": {
      "version": "2.2.0",
      "signature": "cc6759d018aba253a4920b72504a978a",
      "file": true
    },
    "@trazit/apis-forplatform": {
      "version": "1.0.0",
      "signature": "d6a0cfdd3ec3a94ca060931c27f9a45a",
      "file": true
    },
    "@trazit/tr-dialog": {
      "version": "1.1.0",
      "signature": "f24da536f8a0fe54c11213a4fe38d96d",
      "file": true
    }
  }
}