{
  "version": "v1",
  "packages": {
    "@trazit/common-core": {
      "version": "0.0.2",
      "signature": "ea93b7f4d26c94b75e3bed8168f180ec",
      "file": true
    },
    "@trazit/platform-login": {
      "version": "2.0.4",
      "signature": "cdb983b2eb77196f35460f315723ba35",
      "file": true
    }
  }
}